{
  "object": {
    "pins": [
      {
        "package": "LiveValues",
        "repositoryURL": "https://github.com/hexagons/LiveValues.git",
        "state": {
          "branch": null,
          "revision": "330b193cf1aca726501a0d69a38e0e89385c64f6",
          "version": "1.1.7"
        }
      }
    ]
  },
  "version": 1
}
