{
  "object": {
    "pins": [
      {
        "package": "PixelColor",
        "repositoryURL": "https://github.com/heestand-xyz/PixelColor.git",
        "state": {
          "branch": null,
          "revision": "e280589903814ee7fefdda6cf308ddb820ea1595",
          "version": "1.1.5"
        }
      }
    ]
  },
  "version": 1
}
